
Microsoft Visual Studio Solution File, Format Version 12.00
# Visual Studio 15
VisualStudioVersion = 15.0.28307.779
MinimumVisualStudioVersion = 10.0.40219.1
Project("{FAE04EC0-301F-11D3-BF4B-00C04F79EFBC}") = "QBuy.Domínio", "QBuy.Domínio\QBuy.Domínio.csproj", "{FA1C5B59-C770-47F4-8A96-BD4A7BCDE839}"
EndProject
Project("{FAE04EC0-301F-11D3-BF4B-00C04F79EFBC}") = "QBuy.Repositório", "QBuy.Repositório\QBuy.Repositório.csproj", "{01016753-E6DE-45AE-BF6A-EF8465C71CF4}"
EndProject
Project("{FAE04EC0-301F-11D3-BF4B-00C04F79EFBC}") = "QBuy.Web", "QBuy.Web\QBuy.Web.csproj", "{84528F93-21AA-4D83-BD64-46DC98A6B378}"
EndProject
Global
	GlobalSection(SolutionConfigurationPlatforms) = preSolution
		Debug|Any CPU = Debug|Any CPU
		Release|Any CPU = Release|Any CPU
	EndGlobalSection
	GlobalSection(ProjectConfigurationPlatforms) = postSolution
		{FA1C5B59-C770-47F4-8A96-BD4A7BCDE839}.Debug|Any CPU.ActiveCfg = Debug|Any CPU
		{FA1C5B59-C770-47F4-8A96-BD4A7BCDE839}.Debug|Any CPU.Build.0 = Debug|Any CPU
		{FA1C5B59-C770-47F4-8A96-BD4A7BCDE839}.Release|Any CPU.ActiveCfg = Release|Any CPU
		{FA1C5B59-C770-47F4-8A96-BD4A7BCDE839}.Release|Any CPU.Build.0 = Release|Any CPU
		{01016753-E6DE-45AE-BF6A-EF8465C71CF4}.Debug|Any CPU.ActiveCfg = Debug|Any CPU
		{01016753-E6DE-45AE-BF6A-EF8465C71CF4}.Debug|Any CPU.Build.0 = Debug|Any CPU
		{01016753-E6DE-45AE-BF6A-EF8465C71CF4}.Release|Any CPU.ActiveCfg = Release|Any CPU
		{01016753-E6DE-45AE-BF6A-EF8465C71CF4}.Release|Any CPU.Build.0 = Release|Any CPU
		{84528F93-21AA-4D83-BD64-46DC98A6B378}.Debug|Any CPU.ActiveCfg = Debug|Any CPU
		{84528F93-21AA-4D83-BD64-46DC98A6B378}.Debug|Any CPU.Build.0 = Debug|Any CPU
		{84528F93-21AA-4D83-BD64-46DC98A6B378}.Release|Any CPU.ActiveCfg = Release|Any CPU
		{84528F93-21AA-4D83-BD64-46DC98A6B378}.Release|Any CPU.Build.0 = Release|Any CPU
	EndGlobalSection
	GlobalSection(SolutionProperties) = preSolution
		HideSolutionNode = FALSE
	EndGlobalSection
	GlobalSection(ExtensibilityGlobals) = postSolution
		SolutionGuid = {E1EA6F3A-37C3-460B-9D4A-A39373673ADA}
	EndGlobalSection
EndGlobal
